
Microsoft Visual Studio Solution File, Format Version 12.00
# Visual Studio Version 16
VisualStudioVersion = 16.0.30621.155
MinimumVisualStudioVersion = 10.0.40219.1
Project("{9A19103F-16F7-4668-BE54-9A1E7A4F7556}") = "Calculator", "Calculator\Calculator.csproj", "{7AF56499-7C5A-45D1-997C-D9F17B02BA32}"
EndProject
Project("{FAE04EC0-301F-11D3-BF4B-00C04F79EFBC}") = "HuntTheWumpus.CLI", "HuntTheWumpus.CLI\HuntTheWumpus.CLI.csproj", "{A9F079DD-A897-4784-9801-7311F59A16DE}"
EndProject
Global
	GlobalSection(SolutionConfigurationPlatforms) = preSolution
		Debug|Any CPU = Debug|Any CPU
		Release|Any CPU = Release|Any CPU
	EndGlobalSection
	GlobalSection(ProjectConfigurationPlatforms) = postSolution
		{7AF56499-7C5A-45D1-997C-D9F17B02BA32}.Debug|Any CPU.ActiveCfg = Debug|Any CPU
		{7AF56499-7C5A-45D1-997C-D9F17B02BA32}.Debug|Any CPU.Build.0 = Debug|Any CPU
		{7AF56499-7C5A-45D1-997C-D9F17B02BA32}.Release|Any CPU.ActiveCfg = Release|Any CPU
		{7AF56499-7C5A-45D1-997C-D9F17B02BA32}.Release|Any CPU.Build.0 = Release|Any CPU
		{A9F079DD-A897-4784-9801-7311F59A16DE}.Debug|Any CPU.ActiveCfg = Debug|Any CPU
		{A9F079DD-A897-4784-9801-7311F59A16DE}.Debug|Any CPU.Build.0 = Debug|Any CPU
		{A9F079DD-A897-4784-9801-7311F59A16DE}.Release|Any CPU.ActiveCfg = Release|Any CPU
		{A9F079DD-A897-4784-9801-7311F59A16DE}.Release|Any CPU.Build.0 = Release|Any CPU
	EndGlobalSection
	GlobalSection(SolutionProperties) = preSolution
		HideSolutionNode = FALSE
	EndGlobalSection
	GlobalSection(ExtensibilityGlobals) = postSolution
		SolutionGuid = {9C07F150-31E2-4BC7-90BB-07EEB14342ED}
	EndGlobalSection
EndGlobal
